
Microsoft Visual Studio Solution File, Format Version 12.00
# Visual Studio Version 16
VisualStudioVersion = 16.0.29424.173
MinimumVisualStudioVersion = 10.0.40219.1
Project("{FAE04EC0-301F-11D3-BF4B-00C04F79EFBC}") = "Rays2.Engine", "Rays2.Engine\Rays2.Engine.csproj", "{F7D005E3-341C-4537-B601-961013206B72}"
EndProject
Project("{FAE04EC0-301F-11D3-BF4B-00C04F79EFBC}") = "Rays2.Tester", "Rays2.Tester\Rays2.Tester.csproj", "{5FB5BAFA-A62A-4030-A50F-45312EEE8860}"
EndProject
Global
	GlobalSection(SolutionConfigurationPlatforms) = preSolution
		Debug|Any CPU = Debug|Any CPU
		Release|Any CPU = Release|Any CPU
	EndGlobalSection
	GlobalSection(ProjectConfigurationPlatforms) = postSolution
		{F7D005E3-341C-4537-B601-961013206B72}.Debug|Any CPU.ActiveCfg = Debug|Any CPU
		{F7D005E3-341C-4537-B601-961013206B72}.Debug|Any CPU.Build.0 = Debug|Any CPU
		{F7D005E3-341C-4537-B601-961013206B72}.Release|Any CPU.ActiveCfg = Release|Any CPU
		{F7D005E3-341C-4537-B601-961013206B72}.Release|Any CPU.Build.0 = Release|Any CPU
		{5FB5BAFA-A62A-4030-A50F-45312EEE8860}.Debug|Any CPU.ActiveCfg = Debug|Any CPU
		{5FB5BAFA-A62A-4030-A50F-45312EEE8860}.Debug|Any CPU.Build.0 = Debug|Any CPU
		{5FB5BAFA-A62A-4030-A50F-45312EEE8860}.Release|Any CPU.ActiveCfg = Release|Any CPU
		{5FB5BAFA-A62A-4030-A50F-45312EEE8860}.Release|Any CPU.Build.0 = Release|Any CPU
	EndGlobalSection
	GlobalSection(SolutionProperties) = preSolution
		HideSolutionNode = FALSE
	EndGlobalSection
	GlobalSection(ExtensibilityGlobals) = postSolution
		SolutionGuid = {15993911-9535-4058-93C8-EEE87F17AAFB}
	EndGlobalSection
EndGlobal
